// !$*UTF8*$!
{
	archiveVersion = 1;
	classes = {
	};
	objectVersion = 77;
	objects = {

/* Begin PBXBuildFile section */
		BF9AF7622F62C70400926419 /* SwiftTerm in Frameworks */ = {isa = PBXBuildFile; productRef = BF9AF7612F62C70400926419 /* SwiftTerm */; };
/* End PBXBuildFile section */

/* Begin PBXContainerItemProxy section */
		BF9AF6D12F628BBD00926419 /* PBXContainerItemProxy */ = {
			isa = PBXContainerItemProxy;
			containerPortal = BF9AF6B92F628BBC00926419 /* Project object */;
			proxyType = 1;
			remoteGlobalIDString = BF9AF6C02F628BBC00926419;
			remoteInfo = easeTerminal;
		};
		BF9AF6DB2F628BBD00926419 /* PBXContainerItemProxy */ = {
			isa = PBXContainerItemProxy;
			containerPortal = BF9AF6B92F628BBC00926419 /* Project object */;
			proxyType = 1;
			remoteGlobalIDString = BF9AF6C02F628BBC00926419;
			remoteInfo = easeTerminal;
		};
/* End PBXContainerItemProxy section */

/* Begin PBXFileReference section */
		BF9AF6C12F628BBC00926419 /* easeTerminal.app */ = {isa = PBXFileReference; explicitFileType = wrapper.application; includeInIndex = 0; path = easeTerminal.app; sourceTree = BUILT_PRODUCTS_DIR; };
		BF9AF6D02F628BBD00926419 /* easeTerminalTests.xctest */ = {isa = PBXFileReference; explicitFileType = wrapper.cfbundle; includeInIndex = 0; path = easeTerminalTests.xctest; sourceTree = BUILT_PRODUCTS_DIR; };
		BF9AF6DA2F628BBD00926419 /* easeTerminalUITests.xctest */ = {isa = PBXFileReference; explicitFileType = wrapper.cfbundle; includeInIndex = 0; path = easeTerminalUITests.xctest; sourceTree = BUILT_PRODUCTS_DIR; };
/* End PBXFileReference section */

/* Begin PBXFileSystemSynchronizedRootGroup section */
		BF9AF6C32F628BBC00926419 /* easeTerminal */ = {
			isa = PBXFileSystemSynchronizedRootGroup;
			path = easeTerminal;
			sourceTree = "<group>";
		};
		BF9AF6D32F628BBD00926419 /* easeTerminalTests */ = {
			isa = PBXFileSystemSynchronizedRootGroup;
			path = easeTerminalTests;
			sourceTree = "<group>";
		};
		BF9AF6DD2F628BBD00926419 /* easeTerminalUITests */ = {
			isa = PBXFileSystemSynchronizedRootGroup;
			path = easeTerminalUITests;
			sourceTree = "<group>";
		};
/* End PBXFileSystemSynchronizedRootGroup section */

/* Begin PBXFrameworksBuildPhase section */
		BF9AF6BE2F628BBC00926419 /* Frameworks */ = {
			isa = PBXFrameworksBuildPhase;
			buildActionMask = 2147483647;
			files = (
				BF9AF7622F62C70400926419 /* SwiftTerm in Frameworks */,
			);
			runOnlyForDeploymentPostprocessing = 0;
		};
		BF9AF6CD2F628BBD00926419 /* Frameworks */ = {
			isa = PBXFrameworksBuildPhase;
			buildActionMask = 2147483647;
			files = (
			);
			runOnlyForDeploymentPostprocessing = 0;
		};
		BF9AF6D72F628BBD00926419 /* Frameworks */ = {
			isa = PBXFrameworksBuildPhase;
			buildActionMask = 2147483647;
			files = (
			);
			runOnlyForDeploymentPostprocessing = 0;
		};
/* End PBXFrameworksBuildPhase section */

/* Begin PBXGroup section */
		BF9AF6B82F628BBC00926419 = {
			isa = PBXGroup;
			children = (
				BF9AF6C32F628BBC00926419 /* easeTerminal */,
				BF9AF6D32F628BBD00926419 /* easeTerminalTests */,
				BF9AF6DD2F628BBD00926419 /* easeTerminalUITests */,
				BF9AF7602F62C70400926419 /* Frameworks */,
				BF9AF6C22F628BBC00926419 /* Products */,
			);
			sourceTree = "<group>";
		};
		BF9AF6C22F628BBC00926419 /* Products */ = {
			isa = PBXGroup;
			children = (
				BF9AF6C12F628BBC00926419 /* easeTerminal.app */,
				BF9AF6D02F628BBD00926419 /* easeTerminalTests.xctest */,
				BF9AF6DA2F628BBD00926419 /* easeTerminalUITests.xctest */,
			);
			name = Products;
			sourceTree = "<group>";
		};
		BF9AF7602F62C70400926419 /* Frameworks */ = {
			isa = PBXGroup;
			children = (
			);
			name = Frameworks;
			sourceTree = "<group>";
		};
/* End PBXGroup section */

/* Begin PBXNativeTarget section */
		BF9AF6C02F628BBC00926419 /* easeTerminal */ = {
			isa = PBXNativeTarget;
			buildConfigurationList = BF9AF6E42F628BBD00926419 /* Build configuration list for PBXNativeTarget "easeTerminal" */;
			buildPhases = (
				BF9AF6BD2F628BBC00926419 /* Sources */,
				BF9AF6BE2F628BBC00926419 /* Frameworks */,
				BF9AF6BF2F628BBC00926419 /* Resources */,
			);
			buildRules = (
			);
			dependencies = (
			);
			fileSystemSynchronizedGroups = (
				BF9AF6C32F628BBC00926419 /* easeTerminal */,
			);
			name = easeTerminal;
			packageProductDependencies = (
				BF9AF7612F62C70400926419 /* SwiftTerm */,
			);
			productName = easeTerminal;
			productReference = BF9AF6C12F628BBC00926419 /* easeTerminal.app */;
			productType = "com.apple.product-type.application";
		};
		BF9AF6CF2F628BBD00926419 /* easeTerminalTests */ = {
			isa = PBXNativeTarget;
			buildConfigurationList = BF9AF6E72F628BBD00926419 /* Build configuration list for PBXNativeTarget "easeTerminalTests" */;
			buildPhases = (
				BF9AF6CC2F628BBD00926419 /* Sources */,
				BF9AF6CD2F628BBD00926419 /* Frameworks */,
				BF9AF6CE2F628BBD00926419 /* Resources */,
			);
			buildRules = (
			);
			dependencies = (
				BF9AF6D22F628BBD00926419 /* PBXTargetDependency */,
			);
			fileSystemSynchronizedGroups = (
				BF9AF6D32F628BBD00926419 /* easeTerminalTests */,
			);
			name = easeTerminalTests;
			packageProductDependencies = (
			);
			productName = easeTerminalTests;
			productReference = BF9AF6D02F628BBD00926419 /* easeTerminalTests.xctest */;
			productType = "com.apple.product-type.bundle.unit-test";
		};
		BF9AF6D92F628BBD00926419 /* easeTerminalUITests */ = {
			isa = PBXNativeTarget;
			buildConfigurationList = BF9AF6EA2F628BBD00926419 /* Build configuration list for PBXNativeTarget "easeTerminalUITests" */;
			buildPhases = (
				BF9AF6D62F628BBD00926419 /* Sources */,
				BF9AF6D72F628BBD00926419 /* Frameworks */,
				BF9AF6D82F628BBD00926419 /* Resources */,
			);
			buildRules = (
			);
			dependencies = (
				BF9AF6DC2F628BBD00926419 /* PBXTargetDependency */,
			);
			fileSystemSynchronizedGroups = (
				BF9AF6DD2F628BBD00926419 /* easeTerminalUITests */,
			);
			name = easeTerminalUITests;
			packageProductDependencies = (
			);
			productName = easeTerminalUITests;
			productReference = BF9AF6DA2F628BBD00926419 /* easeTerminalUITests.xctest */;
			productType = "com.apple.product-type.bundle.ui-testing";
		};
/* End PBXNativeTarget section */

/* Begin PBXProject section */
		BF9AF6B92F628BBC00926419 /* Project object */ = {
			isa = PBXProject;
			attributes = {
				BuildIndependentTargetsInParallel = 1;
				LastSwiftUpdateCheck = 2630;
				LastUpgradeCheck = 2630;
				TargetAttributes = {
					BF9AF6C02F628BBC00926419 = {
						CreatedOnToolsVersion = 26.3;
					};
					BF9AF6CF2F628BBD00926419 = {
						CreatedOnToolsVersion = 26.3;
						TestTargetID = BF9AF6C02F628BBC00926419;
					};
					BF9AF6D92F628BBD00926419 = {
						CreatedOnToolsVersion = 26.3;
						TestTargetID = BF9AF6C02F628BBC00926419;
					};
				};
			};
			buildConfigurationList = BF9AF6BC2F628BBC00926419 /* Build configuration list for PBXProject "easeTerminal" */;
			developmentRegion = en;
			hasScannedForEncodings = 0;
			knownRegions = (
				en,
				Base,
			);
			mainGroup = BF9AF6B82F628BBC00926419;
			minimizedProjectReferenceProxies = 1;
			packageReferences = (
				BF9AF75F2F62C6D400926419 /* XCLocalSwiftPackageReference "LocalPackages/SwiftTerm" */,
			);
			preferredProjectObjectVersion = 77;
			productRefGroup = BF9AF6C22F628BBC00926419 /* Products */;
			projectDirPath = "";
			projectRoot = "";
			targets = (
				BF9AF6C02F628BBC00926419 /* easeTerminal */,
				BF9AF6CF2F628BBD00926419 /* easeTerminalTests */,
				BF9AF6D92F628BBD00926419 /* easeTerminalUITests */,
			);
		};
/* End PBXProject section */

/* Begin PBXResourcesBuildPhase section */
		BF9AF6BF2F628BBC00926419 /* Resources */ = {
			isa = PBXResourcesBuildPhase;
			buildActionMask = 2147483647;
			files = (
			);
			runOnlyForDeploymentPostprocessing = 0;
		};
		BF9AF6CE2F628BBD00926419 /* Resources */ = {
			isa = PBXResourcesBuildPhase;
			buildActionMask = 2147483647;
			files = (
			);
			runOnlyForDeploymentPostprocessing = 0;
		};
		BF9AF6D82F628BBD00926419 /* Resources */ = {
			isa = PBXResourcesBuildPhase;
			buildActionMask = 2147483647;
			files = (
			);
			runOnlyForDeploymentPostprocessing = 0;
		};
/* End PBXResourcesBuildPhase section */

/* Begin PBXSourcesBuildPhase section */
		BF9AF6BD2F628BBC00926419 /* Sources */ = {
			isa = PBXSourcesBuildPhase;
			buildActionMask = 2147483647;
			files = (
			);
			runOnlyForDeploymentPostprocessing = 0;
		};
		BF9AF6CC2F628BBD00926419 /* Sources */ = {
			isa = PBXSourcesBuildPhase;
			buildActionMask = 2147483647;
			files = (
			);
			runOnlyForDeploymentPostprocessing = 0;
		};
		BF9AF6D62F628BBD00926419 /* Sources */ = {
			isa = PBXSourcesBuildPhase;
			buildActionMask = 2147483647;
			files = (
			);
			runOnlyForDeploymentPostprocessing = 0;
		};
/* End PBXSourcesBuildPhase section */

/* Begin PBXTargetDependency section */
		BF9AF6D22F628BBD00926419 /* PBXTargetDependency */ = {
			isa = PBXTargetDependency;
			target = BF9AF6C02F628BBC00926419 /* easeTerminal */;
			targetProxy = BF9AF6D12F628BBD00926419 /* PBXContainerItemProxy */;
		};
		BF9AF6DC2F628BBD00926419 /* PBXTargetDependency */ = {
			isa = PBXTargetDependency;
			target = BF9AF6C02F628BBC00926419 /* easeTerminal */;
			targetProxy = BF9AF6DB2F628BBD00926419 /* PBXContainerItemProxy */;
		};
/* End PBXTargetDependency section */

/* Begin XCBuildConfiguration section */
		BF9AF6E22F628BBD00926419 /* Debug */ = {
			isa = XCBuildConfiguration;
			buildSettings = {
				ALWAYS_SEARCH_USER_PATHS = NO;
				ASSETCATALOG_COMPILER_GENERATE_SWIFT_ASSET_SYMBOL_EXTENSIONS = YES;
				CLANG_ANALYZER_NONNULL = YES;
				CLANG_ANALYZER_NUMBER_OBJECT_CONVERSION = YES_AGGRESSIVE;
				CLANG_CXX_LANGUAGE_STANDARD = "gnu++20";
				CLANG_ENABLE_MODULES = YES;
				CLANG_ENABLE_OBJC_ARC = YES;
				CLANG_ENABLE_OBJC_WEAK = YES;
				CLANG_WARN_BLOCK_CAPTURE_AUTORELEASING = YES;
				CLANG_WARN_BOOL_CONVERSION = YES;
				CLANG_WARN_COMMA = YES;
				CLANG_WARN_CONSTANT_CONVERSION = YES;
				CLANG_WARN_DEPRECATED_OBJC_IMPLEMENTATIONS = YES;
				CLANG_WARN_DIRECT_OBJC_ISA_USAGE = YES_ERROR;
				CLANG_WARN_DOCUMENTATION_COMMENTS = YES;
				CLANG_WARN_EMPTY_BODY = YES;
				CLANG_WARN_ENUM_CONVERSION = YES;
				CLANG_WARN_INFINITE_RECURSION = YES;
				CLANG_WARN_INT_CONVERSION = YES;
				CLANG_WARN_NON_LITERAL_NULL_CONVERSION = YES;
				CLANG_WARN_OBJC_IMPLICIT_RETAIN_SELF = YES;
				CLANG_WARN_OBJC_LITERAL_CONVERSION = YES;
				CLANG_WARN_OBJC_ROOT_CLASS = YES_ERROR;
				CLANG_WARN_QUOTED_INCLUDE_IN_FRAMEWORK_HEADER = YES;
				CLANG_WARN_RANGE_LOOP_ANALYSIS = YES;
				CLANG_WARN_STRICT_PROTOTYPES = YES;
				CLANG_WARN_SUSPICIOUS_MOVE = YES;
				CLANG_WARN_UNGUARDED_AVAILABILITY = YES_AGGRESSIVE;
				CLANG_WARN_UNREACHABLE_CODE = YES;
				CLANG_WARN__DUPLICATE_METHOD_MATCH = YES;
				COPY_PHASE_STRIP = NO;
				DEBUG_INFORMATION_FORMAT = dwarf;
				DEVELOPMENT_TEAM = VANB25GJJC;
				ENABLE_STRICT_OBJC_MSGSEND = YES;
				ENABLE_TESTABILITY = YES;
				ENABLE_USER_SCRIPT_SANDBOXING = YES;
				GCC_C_LANGUAGE_STANDARD = gnu17;
				GCC_DYNAMIC_NO_PIC = NO;
				GCC_NO_COMMON_BLOCKS = YES;
				GCC_OPTIMIZATION_LEVEL = 0;
				GCC_PREPROCESSOR_DEFINITIONS = (
					"DEBUG=1",
					"$(inherited)",
				);
				GCC_WARN_64_TO_32_BIT_CONVERSION = YES;
				GCC_WARN_ABOUT_RETURN_TYPE = YES_ERROR;
				GCC_WARN_UNDECLARED_SELECTOR = YES;
				GCC_WARN_UNINITIALIZED_AUTOS = YES_AGGRESSIVE;
				GCC_WARN_UNUSED_FUNCTION = YES;
				GCC_WARN_UNUSED_VARIABLE = YES;
				LOCALIZATION_PREFERS_STRING_CATALOGS = YES;
				MACOSX_DEPLOYMENT_TARGET = 26.2;
				MTL_ENABLE_DEBUG_INFO = INCLUDE_SOURCE;
				MTL_FAST_MATH = YES;
				ONLY_ACTIVE_ARCH = YES;
				SDKROOT = macosx;
				SWIFT_ACTIVE_COMPILATION_CONDITIONS = "DEBUG $(inherited)";
				SWIFT_OPTIMIZATION_LEVEL = "-Onone";
			};
			name = Debug;
		};
		BF9AF6E32F628BBD00926419 /* Release */ = {
			isa = XCBuildConfiguration;
			buildSettings = {
				ALWAYS_SEARCH_USER_PATHS = NO;
				ASSETCATALOG_COMPILER_GENERATE_SWIFT_ASSET_SYMBOL_EXTENSIONS = YES;
				CLANG_ANALYZER_NONNULL = YES;
				CLANG_ANALYZER_NUMBER_OBJECT_CONVERSION = YES_AGGRESSIVE;
				CLANG_CXX_LANGUAGE_STANDARD = "gnu++20";
				CLANG_ENABLE_MODULES = YES;
				CLANG_ENABLE_OBJC_ARC = YES;
				CLANG_ENABLE_OBJC_WEAK = YES;
				CLANG_WARN_BLOCK_CAPTURE_AUTORELEASING = YES;
				CLANG_WARN_BOOL_CONVERSION = YES;
				CLANG_WARN_COMMA = YES;
				CLANG_WARN_CONSTANT_CONVERSION = YES;
				CLANG_WARN_DEPRECATED_OBJC_IMPLEMENTATIONS = YES;
				CLANG_WARN_DIRECT_OBJC_ISA_USAGE = YES_ERROR;
				CLANG_WARN_DOCUMENTATION_COMMENTS = YES;
				CLANG_WARN_EMPTY_BODY = YES;
				CLANG_WARN_ENUM_CONVERSION = YES;
				CLANG_WARN_INFINITE_RECURSION = YES;
				CLANG_WARN_INT_CONVERSION = YES;
				CLANG_WARN_NON_LITERAL_NULL_CONVERSION = YES;
				CLANG_WARN_OBJC_IMPLICIT_RETAIN_SELF = YES;
				CLANG_WARN_OBJC_LITERAL_CONVERSION = YES;
				CLANG_WARN_OBJC_ROOT_CLASS = YES_ERROR;
				CLANG_WARN_QUOTED_INCLUDE_IN_FRAMEWORK_HEADER = YES;
				CLANG_WARN_RANGE_LOOP_ANALYSIS = YES;
				CLANG_WARN_STRICT_PROTOTYPES = YES;
				CLANG_WARN_SUSPICIOUS_MOVE = YES;
				CLANG_WARN_UNGUARDED_AVAILABILITY = YES_AGGRESSIVE;
				CLANG_WARN_UNREACHABLE_CODE = YES;
				CLANG_WARN__DUPLICATE_METHOD_MATCH = YES;
				COPY_PHASE_STRIP = NO;
				DEBUG_INFORMATION_FORMAT = "dwarf-with-dsym";
				DEVELOPMENT_TEAM = VANB25GJJC;
				ENABLE_NS_ASSERTIONS = NO;
				ENABLE_STRICT_OBJC_MSGSEND = YES;
				ENABLE_USER_SCRIPT_SANDBOXING = YES;
				GCC_C_LANGUAGE_STANDARD = gnu17;
				GCC_NO_COMMON_BLOCKS = YES;
				GCC_WARN_64_TO_32_BIT_CONVERSION = YES;
				GCC_WARN_ABOUT_RETURN_TYPE = YES_ERROR;
				GCC_WARN_UNDECLARED_SELECTOR = YES;
				GCC_WARN_UNINITIALIZED_AUTOS = YES_AGGRESSIVE;
				GCC_WARN_UNUSED_FUNCTION = YES;
				GCC_WARN_UNUSED_VARIABLE = YES;
				LOCALIZATION_PREFERS_STRING_CATALOGS = YES;
				MACOSX_DEPLOYMENT_TARGET = 26.2;
				MTL_ENABLE_DEBUG_INFO = NO;
				MTL_FAST_MATH = YES;
				SDKROOT = macosx;
				SWIFT_COMPILATION_MODE = wholemodule;
			};
			name = Release;
		};
		BF9AF6E52F628BBD00926419 /* Debug */ = {
			isa = XCBuildConfiguration;
			buildSettings = {
				ASSETCATALOG_COMPILER_APPICON_NAME = AppIcon;
				ASSETCATALOG_COMPILER_GLOBAL_ACCENT_COLOR_NAME = AccentColor;
				"CODE_SIGN_ENTITLEMENTS[sdk=*]" = easeTerminal/easeTerminal.entitlements;
				CODE_SIGN_STYLE = Automatic;
				COMBINE_HIDPI_IMAGES = YES;
				CURRENT_PROJECT_VERSION = 1;
				DEVELOPMENT_TEAM = VANB25GJJC;
				ENABLE_APP_SANDBOX = NO;
				ENABLE_HARDENED_RUNTIME = YES;
				ENABLE_PREVIEWS = YES;
				ENABLE_USER_SELECTED_FILES = readonly;
				GENERATE_INFOPLIST_FILE = YES;
				INFOPLIST_KEY_NSHumanReadableCopyright = "";
				LD_RUNPATH_SEARCH_PATHS = (
					"$(inherited)",
					"@executable_path/../Frameworks",
				);
				MARKETING_VERSION = 1.0;
				PRODUCT_BUNDLE_IDENTIFIER = com.Louie.easeTerminal;
				PRODUCT_NAME = "$(TARGET_NAME)";
				REGISTER_APP_GROUPS = YES;
				STRING_CATALOG_GENERATE_SYMBOLS = YES;
				SWIFT_APPROACHABLE_CONCURRENCY = YES;
				SWIFT_DEFAULT_ACTOR_ISOLATION = MainActor;
				SWIFT_EMIT_LOC_STRINGS = YES;
				SWIFT_UPCOMING_FEATURE_MEMBER_IMPORT_VISIBILITY = YES;
				SWIFT_VERSION = 5.0;
			};
			name = Debug;
		};
		BF9AF6E62F628BBD00926419 /* Release */ = {
			isa = XCBuildConfiguration;
			buildSettings = {
				ASSETCATALOG_COMPILER_APPICON_NAME = AppIcon;
				ASSETCATALOG_COMPILER_GLOBAL_ACCENT_COLOR_NAME = AccentColor;
				"CODE_SIGN_ENTITLEMENTS[sdk=*]" = "easeTerminal/easeTerminal.entitlements";
				CODE_SIGN_STYLE = Automatic;
				COMBINE_HIDPI_IMAGES = YES;
				CURRENT_PROJECT_VERSION = 1;
				DEVELOPMENT_TEAM = VANB25GJJC;
				ENABLE_APP_SANDBOX = NO;
				ENABLE_HARDENED_RUNTIME = YES;
				ENABLE_PREVIEWS = YES;
				ENABLE_USER_SELECTED_FILES = readonly;
				GENERATE_INFOPLIST_FILE = YES;
				INFOPLIST_KEY_NSHumanReadableCopyright = "";
				LD_RUNPATH_SEARCH_PATHS = (
					"$(inherited)",
					"@executable_path/../Frameworks",
				);
				MARKETING_VERSION = 1.0;
				PRODUCT_BUNDLE_IDENTIFIER = com.Louie.easeTerminal;
				PRODUCT_NAME = "$(TARGET_NAME)";
				REGISTER_APP_GROUPS = YES;
				STRING_CATALOG_GENERATE_SYMBOLS = YES;
				SWIFT_APPROACHABLE_CONCURRENCY = YES;
				SWIFT_DEFAULT_ACTOR_ISOLATION = MainActor;
				SWIFT_EMIT_LOC_STRINGS = YES;
				SWIFT_UPCOMING_FEATURE_MEMBER_IMPORT_VISIBILITY = YES;
				SWIFT_VERSION = 5.0;
			};
			name = Release;
		};
		BF9AF6E82F628BBD00926419 /* Debug */ = {
			isa = XCBuildConfiguration;
			buildSettings = {
				BUNDLE_LOADER = "$(TEST_HOST)";
				CODE_SIGN_STYLE = Automatic;
				CURRENT_PROJECT_VERSION = 1;
				DEVELOPMENT_TEAM = VANB25GJJC;
				GENERATE_INFOPLIST_FILE = YES;
				MACOSX_DEPLOYMENT_TARGET = 26.2;
				MARKETING_VERSION = 1.0;
				PRODUCT_BUNDLE_IDENTIFIER = com.Louie.easeTerminalTests;
				PRODUCT_NAME = "$(TARGET_NAME)";
				STRING_CATALOG_GENERATE_SYMBOLS = NO;
				SWIFT_APPROACHABLE_CONCURRENCY = YES;
				SWIFT_EMIT_LOC_STRINGS = NO;
				SWIFT_UPCOMING_FEATURE_MEMBER_IMPORT_VISIBILITY = YES;
				SWIFT_VERSION = 5.0;
				TEST_HOST = "$(BUILT_PRODUCTS_DIR)/easeTerminal.app/$(BUNDLE_EXECUTABLE_FOLDER_PATH)/easeTerminal";
			};
			name = Debug;
		};
		BF9AF6E92F628BBD00926419 /* Release */ = {
			isa = XCBuildConfiguration;
			buildSettings = {
				BUNDLE_LOADER = "$(TEST_HOST)";
				CODE_SIGN_STYLE = Automatic;
				CURRENT_PROJECT_VERSION = 1;
				DEVELOPMENT_TEAM = VANB25GJJC;
				GENERATE_INFOPLIST_FILE = YES;
				MACOSX_DEPLOYMENT_TARGET = 26.2;
				MARKETING_VERSION = 1.0;
				PRODUCT_BUNDLE_IDENTIFIER = com.Louie.easeTerminalTests;
				PRODUCT_NAME = "$(TARGET_NAME)";
				STRING_CATALOG_GENERATE_SYMBOLS = NO;
				SWIFT_APPROACHABLE_CONCURRENCY = YES;
				SWIFT_EMIT_LOC_STRINGS = NO;
				SWIFT_UPCOMING_FEATURE_MEMBER_IMPORT_VISIBILITY = YES;
				SWIFT_VERSION = 5.0;
				TEST_HOST = "$(BUILT_PRODUCTS_DIR)/easeTerminal.app/$(BUNDLE_EXECUTABLE_FOLDER_PATH)/easeTerminal";
			};
			name = Release;
		};
		BF9AF6EB2F628BBD00926419 /* Debug */ = {
			isa = XCBuildConfiguration;
			buildSettings = {
				CODE_SIGN_STYLE = Automatic;
				CURRENT_PROJECT_VERSION = 1;
				DEVELOPMENT_TEAM = VANB25GJJC;
				GENERATE_INFOPLIST_FILE = YES;
				MARKETING_VERSION = 1.0;
				PRODUCT_BUNDLE_IDENTIFIER = com.Louie.easeTerminalUITests;
				PRODUCT_NAME = "$(TARGET_NAME)";
				STRING_CATALOG_GENERATE_SYMBOLS = NO;
				SWIFT_APPROACHABLE_CONCURRENCY = YES;
				SWIFT_EMIT_LOC_STRINGS = NO;
				SWIFT_UPCOMING_FEATURE_MEMBER_IMPORT_VISIBILITY = YES;
				SWIFT_VERSION = 5.0;
				TEST_TARGET_NAME = easeTerminal;
			};
			name = Debug;
		};
		BF9AF6EC2F628BBD00926419 /* Release */ = {
			isa = XCBuildConfiguration;
			buildSettings = {
				CODE_SIGN_STYLE = Automatic;
				CURRENT_PROJECT_VERSION = 1;
				DEVELOPMENT_TEAM = VANB25GJJC;
				GENERATE_INFOPLIST_FILE = YES;
				MARKETING_VERSION = 1.0;
				PRODUCT_BUNDLE_IDENTIFIER = com.Louie.easeTerminalUITests;
				PRODUCT_NAME = "$(TARGET_NAME)";
				STRING_CATALOG_GENERATE_SYMBOLS = NO;
				SWIFT_APPROACHABLE_CONCURRENCY = YES;
				SWIFT_EMIT_LOC_STRINGS = NO;
				SWIFT_UPCOMING_FEATURE_MEMBER_IMPORT_VISIBILITY = YES;
				SWIFT_VERSION = 5.0;
				TEST_TARGET_NAME = easeTerminal;
			};
			name = Release;
		};
/* End XCBuildConfiguration section */

/* Begin XCConfigurationList section */
		BF9AF6BC2F628BBC00926419 /* Build configuration list for PBXProject "easeTerminal" */ = {
			isa = XCConfigurationList;
			buildConfigurations = (
				BF9AF6E22F628BBD00926419 /* Debug */,
				BF9AF6E32F628BBD00926419 /* Release */,
			);
			defaultConfigurationIsVisible = 0;
			defaultConfigurationName = Release;
		};
		BF9AF6E42F628BBD00926419 /* Build configuration list for PBXNativeTarget "easeTerminal" */ = {
			isa = XCConfigurationList;
			buildConfigurations = (
				BF9AF6E52F628BBD00926419 /* Debug */,
				BF9AF6E62F628BBD00926419 /* Release */,
			);
			defaultConfigurationIsVisible = 0;
			defaultConfigurationName = Release;
		};
		BF9AF6E72F628BBD00926419 /* Build configuration list for PBXNativeTarget "easeTerminalTests" */ = {
			isa = XCConfigurationList;
			buildConfigurations = (
				BF9AF6E82F628BBD00926419 /* Debug */,
				BF9AF6E92F628BBD00926419 /* Release */,
			);
			defaultConfigurationIsVisible = 0;
			defaultConfigurationName = Release;
		};
		BF9AF6EA2F628BBD00926419 /* Build configuration list for PBXNativeTarget "easeTerminalUITests" */ = {
			isa = XCConfigurationList;
			buildConfigurations = (
				BF9AF6EB2F628BBD00926419 /* Debug */,
				BF9AF6EC2F628BBD00926419 /* Release */,
			);
			defaultConfigurationIsVisible = 0;
			defaultConfigurationName = Release;
		};
/* End XCConfigurationList section */

/* Begin XCLocalSwiftPackageReference section */
		BF9AF75F2F62C6D400926419 /* XCLocalSwiftPackageReference "LocalPackages/SwiftTerm" */ = {
			isa = XCLocalSwiftPackageReference;
			relativePath = LocalPackages/SwiftTerm;
		};
/* End XCLocalSwiftPackageReference section */

/* Begin XCSwiftPackageProductDependency section */
		BF9AF7612F62C70400926419 /* SwiftTerm */ = {
			isa = XCSwiftPackageProductDependency;
			package = BF9AF75F2F62C6D400926419 /* XCLocalSwiftPackageReference "LocalPackages/SwiftTerm" */;
			productName = SwiftTerm;
		};
/* End XCSwiftPackageProductDependency section */
	};
	rootObject = BF9AF6B92F628BBC00926419 /* Project object */;
}
